
Microsoft Visual Studio Solution File, Format Version 12.00
# Visual Studio Version 17
VisualStudioVersion = 17.14.36121.58
MinimumVisualStudioVersion = 10.0.40219.1
Project("{FAE04EC0-301F-11D3-BF4B-00C04F79EFBC}") = "WebApplicationDemo.API", "WebApplication.API\WebApplicationDemo.API.csproj", "{59EA1386-1E28-452E-9AC0-464AF7711D63}"
EndProject
Global
	GlobalSection(SolutionConfigurationPlatforms) = preSolution
		Debug|Any CPU = Debug|Any CPU
		Release|Any CPU = Release|Any CPU
	EndGlobalSection
	GlobalSection(ProjectConfigurationPlatforms) = postSolution
		{59EA1386-1E28-452E-9AC0-464AF7711D63}.Debug|Any CPU.ActiveCfg = Debug|Any CPU
		{59EA1386-1E28-452E-9AC0-464AF7711D63}.Debug|Any CPU.Build.0 = Debug|Any CPU
		{59EA1386-1E28-452E-9AC0-464AF7711D63}.Release|Any CPU.ActiveCfg = Release|Any CPU
		{59EA1386-1E28-452E-9AC0-464AF7711D63}.Release|Any CPU.Build.0 = Release|Any CPU
	EndGlobalSection
	GlobalSection(SolutionProperties) = preSolution
		HideSolutionNode = FALSE
	EndGlobalSection
	GlobalSection(ExtensibilityGlobals) = postSolution
		SolutionGuid = {48278FF7-EEC4-46A5-BE1D-62CB961C19EB}
	EndGlobalSection
EndGlobal
